// !$*UTF8*$!
{
	archiveVersion = 1;
	classes = {
	};
	objectVersion = 50;
	objects = {

/* Begin PBXBuildFile section */
		0F0DAA3020A40A4100DD30DD /* ComponentSystemTests.swift in Sources */ = {isa = PBXBuildFile; fileRef = 0F0DAA2F20A40A4100DD30DD /* ComponentSystemTests.swift */; };
		0F0DAA3220A5400900DD30DD /* EntitySystem.swift in Sources */ = {isa = PBXBuildFile; fileRef = 0F0DAA3120A5400900DD30DD /* EntitySystem.swift */; };
		0F2A12442095108600D0E489 /* Dashboard.swift in Sources */ = {isa = PBXBuildFile; fileRef = 0F2A12432095108600D0E489 /* Dashboard.swift */; };
		0F2A12462095309000D0E489 /* Countable.swift in Sources */ = {isa = PBXBuildFile; fileRef = 0F2A12452095309000D0E489 /* Countable.swift */; };
		0F2C3F03209EA08E00A417F1 /* Component.swift in Sources */ = {isa = PBXBuildFile; fileRef = 0F2C3F02209EA08E00A417F1 /* Component.swift */; };
		0F2C3F08209F4F6400A417F1 /* ComponentSystem.swift in Sources */ = {isa = PBXBuildFile; fileRef = 0F2C3F07209F4F6400A417F1 /* ComponentSystem.swift */; };
		0F2C3F0E209F963900A417F1 /* CountableSystem.swift in Sources */ = {isa = PBXBuildFile; fileRef = 0F2C3F0D209F963900A417F1 /* CountableSystem.swift */; };
		0F2C3F10209F9A8300A417F1 /* DatabaseSystem.swift in Sources */ = {isa = PBXBuildFile; fileRef = 0F2C3F0F209F9A8300A417F1 /* DatabaseSystem.swift */; };
		0F2C3F25209FC9B400A417F1 /* ViewableTests.swift in Sources */ = {isa = PBXBuildFile; fileRef = 0F2C3F24209FC9B400A417F1 /* ViewableTests.swift */; };
		0F2C3F29209FD08700A417F1 /* DatabaseSystemTests.swift in Sources */ = {isa = PBXBuildFile; fileRef = 0F2C3F28209FD08700A417F1 /* DatabaseSystemTests.swift */; };
		0F3D4F5E2097392C00B88EDE /* Viewable.swift in Sources */ = {isa = PBXBuildFile; fileRef = 0F3D4F5D2097392C00B88EDE /* Viewable.swift */; };
		0F48FB4F20F1410E006C3E16 /* StartButton.swift in Sources */ = {isa = PBXBuildFile; fileRef = 0F48FB4E20F1410E006C3E16 /* StartButton.swift */; };
		0F48FB5320F1427C006C3E16 /* StartButton.xml in Resources */ = {isa = PBXBuildFile; fileRef = 0F48FB5220F1427C006C3E16 /* StartButton.xml */; };
		0F4AD8FB20A726AB00E1CD0E /* ViewableSystem.swift in Sources */ = {isa = PBXBuildFile; fileRef = 0F4AD8FA20A726AA00E1CD0E /* ViewableSystem.swift */; };
		0F4C9F8620C3A4EC000B760F /* HomeScreen.xml in Resources */ = {isa = PBXBuildFile; fileRef = 0F4C9F8520C3A4EC000B760F /* HomeScreen.xml */; };
		0F75C85320F2A0F90015E7EB /* TimerSecondCounter.swift in Sources */ = {isa = PBXBuildFile; fileRef = 0F75C85220F2A0F90015E7EB /* TimerSecondCounter.swift */; };
		0F777B8820ABDFAA008F7944 /* DashboardSystemTests.swift in Sources */ = {isa = PBXBuildFile; fileRef = 0F777B8720ABDFAA008F7944 /* DashboardSystemTests.swift */; };
		0F9D930A20BA10060027DE1D /* TopViewController.swift in Sources */ = {isa = PBXBuildFile; fileRef = 0F9D930920BA10060027DE1D /* TopViewController.swift */; };
		0F9D930C20BA15160027DE1D /* OldDashboardScreen.xml in Resources */ = {isa = PBXBuildFile; fileRef = 0F9D930B20BA15160027DE1D /* OldDashboardScreen.xml */; };
		0F9D930E20BA167E0027DE1D /* LogoBand.xml in Resources */ = {isa = PBXBuildFile; fileRef = 0F9D930D20BA167E0027DE1D /* LogoBand.xml */; };
		0F9D931020BA19E90027DE1D /* FamilyFriendsBand.xml in Resources */ = {isa = PBXBuildFile; fileRef = 0F9D930F20BA19E90027DE1D /* FamilyFriendsBand.xml */; };
		0F9D931520BA25DC0027DE1D /* Timer1.xml in Resources */ = {isa = PBXBuildFile; fileRef = 0F9D931420BA25DC0027DE1D /* Timer1.xml */; };
		0F9D931720BA265F0027DE1D /* TimerScreen.swift in Sources */ = {isa = PBXBuildFile; fileRef = 0F9D931620BA265F0027DE1D /* TimerScreen.swift */; };
		0F9D931920BAFF850027DE1D /* Boxes.xml in Resources */ = {isa = PBXBuildFile; fileRef = 0F9D931820BAFF850027DE1D /* Boxes.xml */; };
		0F9D931B20BAFFBD0027DE1D /* BoxesViewController.swift in Sources */ = {isa = PBXBuildFile; fileRef = 0F9D931A20BAFFBD0027DE1D /* BoxesViewController.swift */; };
		0F9D931F20BB131D0027DE1D /* FullScreenView.xml in Resources */ = {isa = PBXBuildFile; fileRef = 0F9D931E20BB131D0027DE1D /* FullScreenView.xml */; };
		0F9EAE8B20C2429900E2C5F3 /* TimerBox-old.xml in Resources */ = {isa = PBXBuildFile; fileRef = 0F9EAE8A20C2429900E2C5F3 /* TimerBox-old.xml */; };
		0F9EAE8E20C3342E00E2C5F3 /* TimerScreen.xml in Resources */ = {isa = PBXBuildFile; fileRef = 0F9EAE8D20C3342E00E2C5F3 /* TimerScreen.xml */; };
		0F9EAE9B20C35C3E00E2C5F3 /* HomeScreen.swift in Sources */ = {isa = PBXBuildFile; fileRef = 0F9EAE9A20C35C3E00E2C5F3 /* HomeScreen.swift */; };
		0FAC81EF20C4AB2800D69AB7 /* Main.xml in Resources */ = {isa = PBXBuildFile; fileRef = 0FAC81EE20C4AB2800D69AB7 /* Main.xml */; };
		0FAC81F120C4BEC600D69AB7 /* HeaderContainer.xml in Resources */ = {isa = PBXBuildFile; fileRef = 0FAC81F020C4BEC600D69AB7 /* HeaderContainer.xml */; };
		0FAC81F320C4C00700D69AB7 /* TimerPage.xml in Resources */ = {isa = PBXBuildFile; fileRef = 0FAC81F220C4C00700D69AB7 /* TimerPage.xml */; };
		0FB38A7E20F11AE700277615 /* TimeCounterSystem.swift in Sources */ = {isa = PBXBuildFile; fileRef = 0FB38A7D20F11AE700277615 /* TimeCounterSystem.swift */; };
		0FBD036C20E8158B00FAEC7B /* TimerRow.xml in Resources */ = {isa = PBXBuildFile; fileRef = 0FBD036B20E8158B00FAEC7B /* TimerRow.xml */; };
		0FBE767120A7D10D003225F0 /* DashboardSystem.swift in Sources */ = {isa = PBXBuildFile; fileRef = 0FBE767020A7D10D003225F0 /* DashboardSystem.swift */; };
		0FBE767320A88D25003225F0 /* SetupSystem.swift in Sources */ = {isa = PBXBuildFile; fileRef = 0FBE767220A88D25003225F0 /* SetupSystem.swift */; };
		0FC08A4620840CFF0083E0B3 /* AppDelegate.swift in Sources */ = {isa = PBXBuildFile; fileRef = 0FC08A4520840CFE0083E0B3 /* AppDelegate.swift */; };
		0FC08A4820840CFF0083E0B3 /* Main.swift in Sources */ = {isa = PBXBuildFile; fileRef = 0FC08A4720840CFF0083E0B3 /* Main.swift */; };
		0FC08A4B20840CFF0083E0B3 /* Main.storyboard in Resources */ = {isa = PBXBuildFile; fileRef = 0FC08A4920840CFF0083E0B3 /* Main.storyboard */; };
		0FC08A4D20840D020083E0B3 /* Assets.xcassets in Resources */ = {isa = PBXBuildFile; fileRef = 0FC08A4C20840D020083E0B3 /* Assets.xcassets */; };
		0FC08A5020840D020083E0B3 /* LaunchScreen.storyboard in Resources */ = {isa = PBXBuildFile; fileRef = 0FC08A4E20840D020083E0B3 /* LaunchScreen.storyboard */; };
		0FDB817E20B0CDDF00E39E04 /* UIStyle.swift in Sources */ = {isa = PBXBuildFile; fileRef = 0FDB817D20B0CDDF00E39E04 /* UIStyle.swift */; };
		0FDB818020B0CE2300E39E04 /* UIStyleSystem.swift in Sources */ = {isa = PBXBuildFile; fileRef = 0FDB817F20B0CE2300E39E04 /* UIStyleSystem.swift */; };
		0FDB818220B0D4F000E39E04 /* UIStyleSystemTests.swift in Sources */ = {isa = PBXBuildFile; fileRef = 0FDB818120B0D4F000E39E04 /* UIStyleSystemTests.swift */; };
		0FDB818820B104F100E39E04 /* OldDashboardViewController.swift in Sources */ = {isa = PBXBuildFile; fileRef = 0FDB818720B104F100E39E04 /* OldDashboardViewController.swift */; };
		0FE3DEFE208BB0A400D546BC /* GoogleService-Info.plist in Resources */ = {isa = PBXBuildFile; fileRef = 0FE3DEFD208BB0A400D546BC /* GoogleService-Info.plist */; };
		0FFE08FE20F1883D000D1797 /* TimerViewController.swift in Sources */ = {isa = PBXBuildFile; fileRef = 0FFE08FD20F1883D000D1797 /* TimerViewController.swift */; };
		0FFE090020F18872000D1797 /* Timii.swift in Sources */ = {isa = PBXBuildFile; fileRef = 0FFE08FF20F18872000D1797 /* Timii.swift */; };
		68DF88FBB5A5249AE0ED4D27 /* Pods_TIMII.framework in Frameworks */ = {isa = PBXBuildFile; fileRef = 08313F8366613AE86B862013 /* Pods_TIMII.framework */; };
		950ECEDB210B759F00DE2D49 /* TimerBox.xml in Resources */ = {isa = PBXBuildFile; fileRef = 950ECEDA210B759F00DE2D49 /* TimerBox.xml */; };
		950ECEDE210BF42A00DE2D49 /* LoginScreen.swift in Sources */ = {isa = PBXBuildFile; fileRef = 950ECEDD210BF42A00DE2D49 /* LoginScreen.swift */; };
		950ECEE0210BFCCD00DE2D49 /* LoginScreen.xml in Resources */ = {isa = PBXBuildFile; fileRef = 950ECEDF210BFCCD00DE2D49 /* LoginScreen.xml */; };
		9520A1B221141089004E7FDE /* Member.swift in Sources */ = {isa = PBXBuildFile; fileRef = 9520A1B121141089004E7FDE /* Member.swift */; };
		952E91E22128836900629679 /* HomeDayTextTemplate.xml in Resources */ = {isa = PBXBuildFile; fileRef = 952E91E12128836900629679 /* HomeDayTextTemplate.xml */; };
		958CC74C21077F5600AF1D25 /* TimerBox.swift in Sources */ = {isa = PBXBuildFile; fileRef = 958CC74B21077F5600AF1D25 /* TimerBox.swift */; };
		958CC74E21077FF800AF1D25 /* Colors.swift in Sources */ = {isa = PBXBuildFile; fileRef = 958CC74D21077FF800AF1D25 /* Colors.swift */; };
		959C9284212A3A9100FACA01 /* LogInOutSystem.swift in Sources */ = {isa = PBXBuildFile; fileRef = 959C9283212A3A9100FACA01 /* LogInOutSystem.swift */; };
		95F54AC1210CF45D007D7764 /* CreateAccountScreen.xml in Resources */ = {isa = PBXBuildFile; fileRef = 95F54AC0210CF45D007D7764 /* CreateAccountScreen.xml */; };
		95F54AC3210D07F5007D7764 /* CreateAccountScreen.swift in Sources */ = {isa = PBXBuildFile; fileRef = 95F54AC2210D07F5007D7764 /* CreateAccountScreen.swift */; };
		95FCE6AD2117FF4A000C9029 /* SettingScreen.xml in Resources */ = {isa = PBXBuildFile; fileRef = 95FCE6AC2117FF4A000C9029 /* SettingScreen.xml */; };
		95FCE6AF21180070000C9029 /* SettingScreen.swift in Sources */ = {isa = PBXBuildFile; fileRef = 95FCE6AE21180070000C9029 /* SettingScreen.swift */; };
		ADA225979611C9863A9F3B7A /* Pods_TIMIITests.framework in Frameworks */ = {isa = PBXBuildFile; fileRef = EBF0F31A9D413FFA47865DDC /* Pods_TIMIITests.framework */; };
/* End PBXBuildFile section */

/* Begin PBXContainerItemProxy section */
		0F2C3F1A209FB01500A417F1 /* PBXContainerItemProxy */ = {
			isa = PBXContainerItemProxy;
			containerPortal = 0FC08A3A20840CFE0083E0B3 /* Project object */;
			proxyType = 1;
			remoteGlobalIDString = 0FC08A4120840CFE0083E0B3;
			remoteInfo = TIMII;
		};
/* End PBXContainerItemProxy section */

/* Begin PBXFileReference section */
		08313F8366613AE86B862013 /* Pods_TIMII.framework */ = {isa = PBXFileReference; explicitFileType = wrapper.framework; includeInIndex = 0; path = Pods_TIMII.framework; sourceTree = BUILT_PRODUCTS_DIR; };
		0F0DAA2F20A40A4100DD30DD /* ComponentSystemTests.swift */ = {isa = PBXFileReference; lastKnownFileType = sourcecode.swift; path = ComponentSystemTests.swift; sourceTree = "<group>"; };
		0F0DAA3120A5400900DD30DD /* EntitySystem.swift */ = {isa = PBXFileReference; lastKnownFileType = sourcecode.swift; path = EntitySystem.swift; sourceTree = "<group>"; };
		0F2A12432095108600D0E489 /* Dashboard.swift */ = {isa = PBXFileReference; lastKnownFileType = sourcecode.swift; path = Dashboard.swift; sourceTree = "<group>"; };
		0F2A12452095309000D0E489 /* Countable.swift */ = {isa = PBXFileReference; lastKnownFileType = sourcecode.swift; path = Countable.swift; sourceTree = "<group>"; };
		0F2C3F02209EA08E00A417F1 /* Component.swift */ = {isa = PBXFileReference; lastKnownFileType = sourcecode.swift; path = Component.swift; sourceTree = "<group>"; };
		0F2C3F07209F4F6400A417F1 /* ComponentSystem.swift */ = {isa = PBXFileReference; lastKnownFileType = sourcecode.swift; path = ComponentSystem.swift; sourceTree = "<group>"; };
		0F2C3F0D209F963900A417F1 /* CountableSystem.swift */ = {isa = PBXFileReference; lastKnownFileType = sourcecode.swift; path = CountableSystem.swift; sourceTree = "<group>"; };
		0F2C3F0F209F9A8300A417F1 /* DatabaseSystem.swift */ = {isa = PBXFileReference; lastKnownFileType = sourcecode.swift; path = DatabaseSystem.swift; sourceTree = "<group>"; };
		0F2C3F15209FB01500A417F1 /* TIMIITests.xctest */ = {isa = PBXFileReference; explicitFileType = wrapper.cfbundle; includeInIndex = 0; path = TIMIITests.xctest; sourceTree = BUILT_PRODUCTS_DIR; };
		0F2C3F19209FB01500A417F1 /* Info.plist */ = {isa = PBXFileReference; lastKnownFileType = text.plist.xml; path = Info.plist; sourceTree = "<group>"; };
		0F2C3F24209FC9B400A417F1 /* ViewableTests.swift */ = {isa = PBXFileReference; lastKnownFileType = sourcecode.swift; path = ViewableTests.swift; sourceTree = "<group>"; };
		0F2C3F28209FD08700A417F1 /* DatabaseSystemTests.swift */ = {isa = PBXFileReference; lastKnownFileType = sourcecode.swift; path = DatabaseSystemTests.swift; sourceTree = "<group>"; };
		0F3D4F5D2097392C00B88EDE /* Viewable.swift */ = {isa = PBXFileReference; lastKnownFileType = sourcecode.swift; path = Viewable.swift; sourceTree = "<group>"; };
		0F48FB4E20F1410E006C3E16 /* StartButton.swift */ = {isa = PBXFileReference; lastKnownFileType = sourcecode.swift; path = StartButton.swift; sourceTree = "<group>"; };
		0F48FB5220F1427C006C3E16 /* StartButton.xml */ = {isa = PBXFileReference; lastKnownFileType = text.xml; path = StartButton.xml; sourceTree = "<group>"; };
		0F4AD8FA20A726AA00E1CD0E /* ViewableSystem.swift */ = {isa = PBXFileReference; lastKnownFileType = sourcecode.swift; path = ViewableSystem.swift; sourceTree = "<group>"; };
		0F4C9F8520C3A4EC000B760F /* HomeScreen.xml */ = {isa = PBXFileReference; lastKnownFileType = text.xml; path = HomeScreen.xml; sourceTree = "<group>"; };
		0F75C85220F2A0F90015E7EB /* TimerSecondCounter.swift */ = {isa = PBXFileReference; lastKnownFileType = sourcecode.swift; path = TimerSecondCounter.swift; sourceTree = "<group>"; };
		0F777B8720ABDFAA008F7944 /* DashboardSystemTests.swift */ = {isa = PBXFileReference; lastKnownFileType = sourcecode.swift; path = DashboardSystemTests.swift; sourceTree = "<group>"; };
		0F9D930920BA10060027DE1D /* TopViewController.swift */ = {isa = PBXFileReference; lastKnownFileType = sourcecode.swift; path = TopViewController.swift; sourceTree = "<group>"; };
		0F9D930B20BA15160027DE1D /* OldDashboardScreen.xml */ = {isa = PBXFileReference; lastKnownFileType = text.xml; path = OldDashboardScreen.xml; sourceTree = "<group>"; };
		0F9D930D20BA167E0027DE1D /* LogoBand.xml */ = {isa = PBXFileReference; lastKnownFileType = text.xml; path = LogoBand.xml; sourceTree = "<group>"; };
		0F9D930F20BA19E90027DE1D /* FamilyFriendsBand.xml */ = {isa = PBXFileReference; lastKnownFileType = text.xml; path = FamilyFriendsBand.xml; sourceTree = "<group>"; };
		0F9D931420BA25DC0027DE1D /* Timer1.xml */ = {isa = PBXFileReference; lastKnownFileType = text.xml; path = Timer1.xml; sourceTree = "<group>"; };
		0F9D931620BA265F0027DE1D /* TimerScreen.swift */ = {isa = PBXFileReference; lastKnownFileType = sourcecode.swift; path = TimerScreen.swift; sourceTree = "<group>"; };
		0F9D931820BAFF850027DE1D /* Boxes.xml */ = {isa = PBXFileReference; lastKnownFileType = text.xml; path = Boxes.xml; sourceTree = "<group>"; };
		0F9D931A20BAFFBD0027DE1D /* BoxesViewController.swift */ = {isa = PBXFileReference; lastKnownFileType = sourcecode.swift; path = BoxesViewController.swift; sourceTree = "<group>"; };
		0F9D931E20BB131D0027DE1D /* FullScreenView.xml */ = {isa = PBXFileReference; lastKnownFileType = text.xml; path = FullScreenView.xml; sourceTree = "<group>"; };
		0F9EAE8A20C2429900E2C5F3 /* TimerBox-old.xml */ = {isa = PBXFileReference; lastKnownFileType = text.xml; path = "TimerBox-old.xml"; sourceTree = "<group>"; };
		0F9EAE8D20C3342E00E2C5F3 /* TimerScreen.xml */ = {isa = PBXFileReference; lastKnownFileType = text.xml; path = TimerScreen.xml; sourceTree = "<group>"; };
		0F9EAE9A20C35C3E00E2C5F3 /* HomeScreen.swift */ = {isa = PBXFileReference; lastKnownFileType = sourcecode.swift; path = HomeScreen.swift; sourceTree = "<group>"; };
		0FAC81EE20C4AB2800D69AB7 /* Main.xml */ = {isa = PBXFileReference; lastKnownFileType = text.xml; path = Main.xml; sourceTree = "<group>"; };
		0FAC81F020C4BEC600D69AB7 /* HeaderContainer.xml */ = {isa = PBXFileReference; lastKnownFileType = text.xml; path = HeaderContainer.xml; sourceTree = "<group>"; };
		0FAC81F220C4C00700D69AB7 /* TimerPage.xml */ = {isa = PBXFileReference; lastKnownFileType = text.xml; path = TimerPage.xml; sourceTree = "<group>"; };
		0FB38A7D20F11AE700277615 /* TimeCounterSystem.swift */ = {isa = PBXFileReference; lastKnownFileType = sourcecode.swift; path = TimeCounterSystem.swift; sourceTree = "<group>"; };
		0FBD036B20E8158B00FAEC7B /* TimerRow.xml */ = {isa = PBXFileReference; lastKnownFileType = text.xml; path = TimerRow.xml; sourceTree = "<group>"; };
		0FBE767020A7D10D003225F0 /* DashboardSystem.swift */ = {isa = PBXFileReference; lastKnownFileType = sourcecode.swift; path = DashboardSystem.swift; sourceTree = "<group>"; };
		0FBE767220A88D25003225F0 /* SetupSystem.swift */ = {isa = PBXFileReference; lastKnownFileType = sourcecode.swift; path = SetupSystem.swift; sourceTree = "<group>"; };
		0FC08A4220840CFE0083E0B3 /* TIMII.app */ = {isa = PBXFileReference; explicitFileType = wrapper.application; includeInIndex = 0; path = TIMII.app; sourceTree = BUILT_PRODUCTS_DIR; };
		0FC08A4520840CFE0083E0B3 /* AppDelegate.swift */ = {isa = PBXFileReference; lastKnownFileType = sourcecode.swift; path = AppDelegate.swift; sourceTree = "<group>"; };
		0FC08A4720840CFF0083E0B3 /* Main.swift */ = {isa = PBXFileReference; lastKnownFileType = sourcecode.swift; path = Main.swift; sourceTree = "<group>"; };
		0FC08A4A20840CFF0083E0B3 /* Base */ = {isa = PBXFileReference; lastKnownFileType = file.storyboard; name = Base; path = Base.lproj/Main.storyboard; sourceTree = "<group>"; };
		0FC08A4C20840D020083E0B3 /* Assets.xcassets */ = {isa = PBXFileReference; lastKnownFileType = folder.assetcatalog; path = Assets.xcassets; sourceTree = "<group>"; };
		0FC08A4F20840D020083E0B3 /* Base */ = {isa = PBXFileReference; lastKnownFileType = file.storyboard; name = Base; path = Base.lproj/LaunchScreen.storyboard; sourceTree = "<group>"; };
		0FC08A5120840D020083E0B3 /* Info.plist */ = {isa = PBXFileReference; lastKnownFileType = text.plist.xml; path = Info.plist; sourceTree = "<group>"; };
		0FDB817D20B0CDDF00E39E04 /* UIStyle.swift */ = {isa = PBXFileReference; lastKnownFileType = sourcecode.swift; path = UIStyle.swift; sourceTree = "<group>"; };
		0FDB817F20B0CE2300E39E04 /* UIStyleSystem.swift */ = {isa = PBXFileReference; lastKnownFileType = sourcecode.swift; path = UIStyleSystem.swift; sourceTree = "<group>"; };
		0FDB818120B0D4F000E39E04 /* UIStyleSystemTests.swift */ = {isa = PBXFileReference; lastKnownFileType = sourcecode.swift; path = UIStyleSystemTests.swift; sourceTree = "<group>"; };
		0FDB818720B104F100E39E04 /* OldDashboardViewController.swift */ = {isa = PBXFileReference; lastKnownFileType = sourcecode.swift; path = OldDashboardViewController.swift; sourceTree = "<group>"; };
		0FE3DEFD208BB0A400D546BC /* GoogleService-Info.plist */ = {isa = PBXFileReference; fileEncoding = 4; lastKnownFileType = text.plist.xml; path = "GoogleService-Info.plist"; sourceTree = "<group>"; };
		0FFE08FD20F1883D000D1797 /* TimerViewController.swift */ = {isa = PBXFileReference; fileEncoding = 4; lastKnownFileType = sourcecode.swift; path = TimerViewController.swift; sourceTree = "<group>"; };
		0FFE08FF20F18872000D1797 /* Timii.swift */ = {isa = PBXFileReference; fileEncoding = 4; lastKnownFileType = sourcecode.swift; path = Timii.swift; sourceTree = "<group>"; };
		3AF127DD080902506260D304 /* Pods-TIMIITests.debug.xcconfig */ = {isa = PBXFileReference; includeInIndex = 1; lastKnownFileType = text.xcconfig; name = "Pods-TIMIITests.debug.xcconfig"; path = "Pods/Target Support Files/Pods-TIMIITests/Pods-TIMIITests.debug.xcconfig"; sourceTree = "<group>"; };
		895FAF54A017BE3E109C7142 /* Pods-TIMIITests.release.xcconfig */ = {isa = PBXFileReference; includeInIndex = 1; lastKnownFileType = text.xcconfig; name = "Pods-TIMIITests.release.xcconfig"; path = "Pods/Target Support Files/Pods-TIMIITests/Pods-TIMIITests.release.xcconfig"; sourceTree = "<group>"; };
		950ECEDA210B759F00DE2D49 /* TimerBox.xml */ = {isa = PBXFileReference; lastKnownFileType = text.xml; path = TimerBox.xml; sourceTree = "<group>"; };
		950ECEDD210BF42A00DE2D49 /* LoginScreen.swift */ = {isa = PBXFileReference; lastKnownFileType = sourcecode.swift; path = LoginScreen.swift; sourceTree = "<group>"; };
		950ECEDF210BFCCD00DE2D49 /* LoginScreen.xml */ = {isa = PBXFileReference; lastKnownFileType = text.xml; path = LoginScreen.xml; sourceTree = "<group>"; };
		9520A1B121141089004E7FDE /* Member.swift */ = {isa = PBXFileReference; lastKnownFileType = sourcecode.swift; path = Member.swift; sourceTree = "<group>"; };
		9520A1B32114BA9F004E7FDE /* TIMII.entitlements */ = {isa = PBXFileReference; lastKnownFileType = text.plist.entitlements; path = TIMII.entitlements; sourceTree = "<group>"; };
		952E91E12128836900629679 /* HomeDayTextTemplate.xml */ = {isa = PBXFileReference; lastKnownFileType = text.xml; path = HomeDayTextTemplate.xml; sourceTree = "<group>"; };
		958CC74B21077F5600AF1D25 /* TimerBox.swift */ = {isa = PBXFileReference; lastKnownFileType = sourcecode.swift; path = TimerBox.swift; sourceTree = "<group>"; };
		958CC74D21077FF800AF1D25 /* Colors.swift */ = {isa = PBXFileReference; lastKnownFileType = sourcecode.swift; path = Colors.swift; sourceTree = "<group>"; };
		959C9283212A3A9100FACA01 /* LogInOutSystem.swift */ = {isa = PBXFileReference; lastKnownFileType = sourcecode.swift; path = LogInOutSystem.swift; sourceTree = "<group>"; };
		95F54AC0210CF45D007D7764 /* CreateAccountScreen.xml */ = {isa = PBXFileReference; lastKnownFileType = text.xml; path = CreateAccountScreen.xml; sourceTree = "<group>"; };
		95F54AC2210D07F5007D7764 /* CreateAccountScreen.swift */ = {isa = PBXFileReference; lastKnownFileType = sourcecode.swift; path = CreateAccountScreen.swift; sourceTree = "<group>"; };
		95FCE6AC2117FF4A000C9029 /* SettingScreen.xml */ = {isa = PBXFileReference; lastKnownFileType = text.xml; path = SettingScreen.xml; sourceTree = "<group>"; };
		95FCE6AE21180070000C9029 /* SettingScreen.swift */ = {isa = PBXFileReference; lastKnownFileType = sourcecode.swift; path = SettingScreen.swift; sourceTree = "<group>"; };
		C050721365E00ED5D13829A6 /* Pods-TIMII.release.xcconfig */ = {isa = PBXFileReference; includeInIndex = 1; lastKnownFileType = text.xcconfig; name = "Pods-TIMII.release.xcconfig"; path = "Pods/Target Support Files/Pods-TIMII/Pods-TIMII.release.xcconfig"; sourceTree = "<group>"; };
		EBF0F31A9D413FFA47865DDC /* Pods_TIMIITests.framework */ = {isa = PBXFileReference; explicitFileType = wrapper.framework; includeInIndex = 0; path = Pods_TIMIITests.framework; sourceTree = BUILT_PRODUCTS_DIR; };
		FD72B46EC2DC3BE7B62DB7AF /* Pods-TIMII.debug.xcconfig */ = {isa = PBXFileReference; includeInIndex = 1; lastKnownFileType = text.xcconfig; name = "Pods-TIMII.debug.xcconfig"; path = "Pods/Target Support Files/Pods-TIMII/Pods-TIMII.debug.xcconfig"; sourceTree = "<group>"; };
/* End PBXFileReference section */

/* Begin PBXFrameworksBuildPhase section */
		0F2C3F12209FB01500A417F1 /* Frameworks */ = {
			isa = PBXFrameworksBuildPhase;
			buildActionMask = 2147483647;
			files = (
				ADA225979611C9863A9F3B7A /* Pods_TIMIITests.framework in Frameworks */,
			);
			runOnlyForDeploymentPostprocessing = 0;
		};
		0FC08A3F20840CFE0083E0B3 /* Frameworks */ = {
			isa = PBXFrameworksBuildPhase;
			buildActionMask = 2147483647;
			files = (
				68DF88FBB5A5249AE0ED4D27 /* Pods_TIMII.framework in Frameworks */,
			);
			runOnlyForDeploymentPostprocessing = 0;
		};
/* End PBXFrameworksBuildPhase section */

/* Begin PBXGroup section */
		0F2C3EFF209E589700A417F1 /* Storyboards */ = {
			isa = PBXGroup;
			children = (
				0FC08A4920840CFF0083E0B3 /* Main.storyboard */,
				0FC08A4E20840D020083E0B3 /* LaunchScreen.storyboard */,
			);
			path = Storyboards;
			sourceTree = "<group>";
		};
		0F2C3F06209F476400A417F1 /* Systems */ = {
			isa = PBXGroup;
			children = (
				0F2C3F07209F4F6400A417F1 /* ComponentSystem.swift */,
				0F2C3F0D209F963900A417F1 /* CountableSystem.swift */,
				0F2C3F0F209F9A8300A417F1 /* DatabaseSystem.swift */,
				0FBE767020A7D10D003225F0 /* DashboardSystem.swift */,
				959C9283212A3A9100FACA01 /* LogInOutSystem.swift */,
				0FBE767220A88D25003225F0 /* SetupSystem.swift */,
				0FB38A7D20F11AE700277615 /* TimeCounterSystem.swift */,
				0FDB817F20B0CE2300E39E04 /* UIStyleSystem.swift */,
				0F4AD8FA20A726AA00E1CD0E /* ViewableSystem.swift */,
			);
			path = Systems;
			sourceTree = "<group>";
		};
		0F2C3F16209FB01500A417F1 /* TIMIITests */ = {
			isa = PBXGroup;
			children = (
				0F2C3F2A209FD0C500A417F1 /* Components */,
				0F2C3F2C209FD0D800A417F1 /* Systems */,
				0F2C3F19209FB01500A417F1 /* Info.plist */,
			);
			path = TIMIITests;
			sourceTree = "<group>";
		};
		0F2C3F2A209FD0C500A417F1 /* Components */ = {
			isa = PBXGroup;
			children = (
				0F2C3F24209FC9B400A417F1 /* ViewableTests.swift */,
			);
			path = Components;
			sourceTree = "<group>";
		};
		0F2C3F2C209FD0D800A417F1 /* Systems */ = {
			isa = PBXGroup;
			children = (
				0F0DAA2F20A40A4100DD30DD /* ComponentSystemTests.swift */,
				0F777B8720ABDFAA008F7944 /* DashboardSystemTests.swift */,
				0F2C3F28209FD08700A417F1 /* DatabaseSystemTests.swift */,
				0FDB818120B0D4F000E39E04 /* UIStyleSystemTests.swift */,
			);
			path = Systems;
			sourceTree = "<group>";
		};
		0F74F9902084591C00CF1CD9 /* Components */ = {
			isa = PBXGroup;
			children = (
				958CC74D21077FF800AF1D25 /* Colors.swift */,
				0F2C3F02209EA08E00A417F1 /* Component.swift */,
				0F2A12452095309000D0E489 /* Countable.swift */,
				0F2A12432095108600D0E489 /* Dashboard.swift */,
				9520A1B121141089004E7FDE /* Member.swift */,
				0FFE08FF20F18872000D1797 /* Timii.swift */,
				0FDB817D20B0CDDF00E39E04 /* UIStyle.swift */,
				0F3D4F5D2097392C00B88EDE /* Viewable.swift */,
			);
			path = Components;
			sourceTree = "<group>";
		};
		0F777B8920ABE182008F7944 /* Views */ = {
			isa = PBXGroup;
			children = (
				950ECEDC210B86A300DE2D49 /* XML */,
				0FC08A4720840CFF0083E0B3 /* Main.swift */,
				0F9EAE9A20C35C3E00E2C5F3 /* HomeScreen.swift */,
				0F9D931620BA265F0027DE1D /* TimerScreen.swift */,
				95FCE6AE21180070000C9029 /* SettingScreen.swift */,
				95F54AC2210D07F5007D7764 /* CreateAccountScreen.swift */,
				950ECEDD210BF42A00DE2D49 /* LoginScreen.swift */,
				958CC74B21077F5600AF1D25 /* TimerBox.swift */,
			);
			path = Views;
			sourceTree = "<group>";
		};
		0F9EAE8C20C332D400E2C5F3 /* Playground */ = {
			isa = PBXGroup;
			children = (
				0F75C85220F2A0F90015E7EB /* TimerSecondCounter.swift */,
				0F48FB4E20F1410E006C3E16 /* StartButton.swift */,
				0FFE08FD20F1883D000D1797 /* TimerViewController.swift */,
				0F9D930B20BA15160027DE1D /* OldDashboardScreen.xml */,
				0F9D931820BAFF850027DE1D /* Boxes.xml */,
				0F9D930920BA10060027DE1D /* TopViewController.swift */,
				0F9D931420BA25DC0027DE1D /* Timer1.xml */,
				0FDB818720B104F100E39E04 /* OldDashboardViewController.swift */,
				0F9D931A20BAFFBD0027DE1D /* BoxesViewController.swift */,
				0F9D931E20BB131D0027DE1D /* FullScreenView.xml */,
			);
			path = Playground;
			sourceTree = "<group>";
		};
		0FBE766F20A7CC6F003225F0 /* !Deprecated */ = {
			isa = PBXGroup;
			children = (
				0F9EAE8A20C2429900E2C5F3 /* TimerBox-old.xml */,
				0F9EAE8C20C332D400E2C5F3 /* Playground */,
				0F0DAA3120A5400900DD30DD /* EntitySystem.swift */,
			);
			path = "!Deprecated";
			sourceTree = "<group>";
		};
		0FC08A3920840CFE0083E0B3 = {
			isa = PBXGroup;
			children = (
				0FC08A4420840CFE0083E0B3 /* TIMII */,
				0F2C3F16209FB01500A417F1 /* TIMIITests */,
				0FC08A4320840CFE0083E0B3 /* Products */,
				DE13BA447CE6BFE4D937335C /* Pods */,
				298C870A04998CFB597B7708 /* Frameworks */,
			);
			sourceTree = "<group>";
		};
		0FC08A4320840CFE0083E0B3 /* Products */ = {
			isa = PBXGroup;
			children = (
				0FC08A4220840CFE0083E0B3 /* TIMII.app */,
				0F2C3F15209FB01500A417F1 /* TIMIITests.xctest */,
			);
			name = Products;
			sourceTree = "<group>";
		};
		0FC08A4420840CFE0083E0B3 /* TIMII */ = {
			isa = PBXGroup;
			children = (
				9520A1B32114BA9F004E7FDE /* TIMII.entitlements */,
				0F74F9902084591C00CF1CD9 /* Components */,
				0F2C3F06209F476400A417F1 /* Systems */,
				0F777B8920ABE182008F7944 /* Views */,
				0FC08A4520840CFE0083E0B3 /* AppDelegate.swift */,
				0FC08A4C20840D020083E0B3 /* Assets.xcassets */,
				0F2C3EFF209E589700A417F1 /* Storyboards */,
				0FC08A5120840D020083E0B3 /* Info.plist */,
				0FE3DEFD208BB0A400D546BC /* GoogleService-Info.plist */,
				0FBE766F20A7CC6F003225F0 /* !Deprecated */,
			);
			path = TIMII;
			sourceTree = "<group>";
		};
		298C870A04998CFB597B7708 /* Frameworks */ = {
			isa = PBXGroup;
			children = (
				08313F8366613AE86B862013 /* Pods_TIMII.framework */,
				EBF0F31A9D413FFA47865DDC /* Pods_TIMIITests.framework */,
			);
			name = Frameworks;
			sourceTree = "<group>";
		};
		950ECEDC210B86A300DE2D49 /* XML */ = {
			isa = PBXGroup;
			children = (
				0FAC81EE20C4AB2800D69AB7 /* Main.xml */,
				0F4C9F8520C3A4EC000B760F /* HomeScreen.xml */,
				0F9EAE8D20C3342E00E2C5F3 /* TimerScreen.xml */,
				95FCE6AC2117FF4A000C9029 /* SettingScreen.xml */,
				95F54AC0210CF45D007D7764 /* CreateAccountScreen.xml */,
				950ECEDF210BFCCD00DE2D49 /* LoginScreen.xml */,
				0FAC81F020C4BEC600D69AB7 /* HeaderContainer.xml */,
				0F9D930F20BA19E90027DE1D /* FamilyFriendsBand.xml */,
				0F9D930D20BA167E0027DE1D /* LogoBand.xml */,
				0F48FB5220F1427C006C3E16 /* StartButton.xml */,
				952E91E12128836900629679 /* HomeDayTextTemplate.xml */,
				950ECEDA210B759F00DE2D49 /* TimerBox.xml */,
				0FAC81F220C4C00700D69AB7 /* TimerPage.xml */,
				0FBD036B20E8158B00FAEC7B /* TimerRow.xml */,
			);
			path = XML;
			sourceTree = "<group>";
		};
		DE13BA447CE6BFE4D937335C /* Pods */ = {
			isa = PBXGroup;
			children = (
				FD72B46EC2DC3BE7B62DB7AF /* Pods-TIMII.debug.xcconfig */,
				C050721365E00ED5D13829A6 /* Pods-TIMII.release.xcconfig */,
				3AF127DD080902506260D304 /* Pods-TIMIITests.debug.xcconfig */,
				895FAF54A017BE3E109C7142 /* Pods-TIMIITests.release.xcconfig */,
			);
			name = Pods;
			sourceTree = "<group>";
		};
/* End PBXGroup section */

/* Begin PBXNativeTarget section */
		0F2C3F14209FB01500A417F1 /* TIMIITests */ = {
			isa = PBXNativeTarget;
			buildConfigurationList = 0F2C3F1C209FB01500A417F1 /* Build configuration list for PBXNativeTarget "TIMIITests" */;
			buildPhases = (
				04DE0C7812B7EEA6227A96EA /* [CP] Check Pods Manifest.lock */,
				0F2C3F11209FB01500A417F1 /* Sources */,
				0F2C3F12209FB01500A417F1 /* Frameworks */,
				0F2C3F13209FB01500A417F1 /* Resources */,
				812850EA3D04E67F9EFEFE04 /* [CP] Embed Pods Frameworks */,
			);
			buildRules = (
			);
			dependencies = (
				0F2C3F1B209FB01500A417F1 /* PBXTargetDependency */,
			);
			name = TIMIITests;
			productName = TIMIITests;
			productReference = 0F2C3F15209FB01500A417F1 /* TIMIITests.xctest */;
			productType = "com.apple.product-type.bundle.unit-test";
		};
		0FC08A4120840CFE0083E0B3 /* TIMII */ = {
			isa = PBXNativeTarget;
			buildConfigurationList = 0FC08A5420840D020083E0B3 /* Build configuration list for PBXNativeTarget "TIMII" */;
			buildPhases = (
				E1024FAE3C6D1DFDA49812BB /* [CP] Check Pods Manifest.lock */,
				0FC08A3E20840CFE0083E0B3 /* Sources */,
				0FC08A3F20840CFE0083E0B3 /* Frameworks */,
				0FC08A4020840CFE0083E0B3 /* Resources */,
				393835A365185D628C18466E /* [CP] Embed Pods Frameworks */,
			);
			buildRules = (
			);
			dependencies = (
			);
			name = TIMII;
			productName = TIMII;
			productReference = 0FC08A4220840CFE0083E0B3 /* TIMII.app */;
			productType = "com.apple.product-type.application";
		};
/* End PBXNativeTarget section */

/* Begin PBXProject section */
		0FC08A3A20840CFE0083E0B3 /* Project object */ = {
			isa = PBXProject;
			attributes = {
				LastSwiftUpdateCheck = 0930;
				LastUpgradeCheck = 0930;
				ORGANIZATIONNAME = Autonomii;
				TargetAttributes = {
					0F2C3F14209FB01500A417F1 = {
						CreatedOnToolsVersion = 9.3;
						LastSwiftMigration = 0930;
						TestTargetID = 0FC08A4120840CFE0083E0B3;
					};
					0FC08A4120840CFE0083E0B3 = {
						CreatedOnToolsVersion = 9.3;
						SystemCapabilities = {
							com.apple.BackgroundModes = {
								enabled = 1;
							};
							com.apple.Push = {
								enabled = 1;
							};
						};
					};
				};
			};
			buildConfigurationList = 0FC08A3D20840CFE0083E0B3 /* Build configuration list for PBXProject "TIMII" */;
			compatibilityVersion = "Xcode 9.3";
			developmentRegion = en;
			hasScannedForEncodings = 0;
			knownRegions = (
				en,
				Base,
			);
			mainGroup = 0FC08A3920840CFE0083E0B3;
			productRefGroup = 0FC08A4320840CFE0083E0B3 /* Products */;
			projectDirPath = "";
			projectRoot = "";
			targets = (
				0FC08A4120840CFE0083E0B3 /* TIMII */,
				0F2C3F14209FB01500A417F1 /* TIMIITests */,
			);
		};
/* End PBXProject section */

/* Begin PBXResourcesBuildPhase section */
		0F2C3F13209FB01500A417F1 /* Resources */ = {
			isa = PBXResourcesBuildPhase;
			buildActionMask = 2147483647;
			files = (
			);
			runOnlyForDeploymentPostprocessing = 0;
		};
		0FC08A4020840CFE0083E0B3 /* Resources */ = {
			isa = PBXResourcesBuildPhase;
			buildActionMask = 2147483647;
			files = (
				0F9EAE8E20C3342E00E2C5F3 /* TimerScreen.xml in Resources */,
				950ECEDB210B759F00DE2D49 /* TimerBox.xml in Resources */,
				95FCE6AD2117FF4A000C9029 /* SettingScreen.xml in Resources */,
				0F9D931920BAFF850027DE1D /* Boxes.xml in Resources */,
				0FAC81F120C4BEC600D69AB7 /* HeaderContainer.xml in Resources */,
				0FAC81F320C4C00700D69AB7 /* TimerPage.xml in Resources */,
				0FC08A5020840D020083E0B3 /* LaunchScreen.storyboard in Resources */,
				0F9D931020BA19E90027DE1D /* FamilyFriendsBand.xml in Resources */,
				952E91E22128836900629679 /* HomeDayTextTemplate.xml in Resources */,
				0F9EAE8B20C2429900E2C5F3 /* TimerBox-old.xml in Resources */,
				0F48FB5320F1427C006C3E16 /* StartButton.xml in Resources */,
				0F9D930C20BA15160027DE1D /* OldDashboardScreen.xml in Resources */,
				95F54AC1210CF45D007D7764 /* CreateAccountScreen.xml in Resources */,
				0F9D931520BA25DC0027DE1D /* Timer1.xml in Resources */,
				0FC08A4D20840D020083E0B3 /* Assets.xcassets in Resources */,
				0FAC81EF20C4AB2800D69AB7 /* Main.xml in Resources */,
				0FBD036C20E8158B00FAEC7B /* TimerRow.xml in Resources */,
				0F9D931F20BB131D0027DE1D /* FullScreenView.xml in Resources */,
				0F9D930E20BA167E0027DE1D /* LogoBand.xml in Resources */,
				0FE3DEFE208BB0A400D546BC /* GoogleService-Info.plist in Resources */,
				0F4C9F8620C3A4EC000B760F /* HomeScreen.xml in Resources */,
				0FC08A4B20840CFF0083E0B3 /* Main.storyboard in Resources */,
				950ECEE0210BFCCD00DE2D49 /* LoginScreen.xml in Resources */,
			);
			runOnlyForDeploymentPostprocessing = 0;
		};
/* End PBXResourcesBuildPhase section */

/* Begin PBXShellScriptBuildPhase section */
		04DE0C7812B7EEA6227A96EA /* [CP] Check Pods Manifest.lock */ = {
			isa = PBXShellScriptBuildPhase;
			buildActionMask = 2147483647;
			files = (
			);
			inputPaths = (
				"${PODS_PODFILE_DIR_PATH}/Podfile.lock",
				"${PODS_ROOT}/Manifest.lock",
			);
			name = "[CP] Check Pods Manifest.lock";
			outputPaths = (
				"$(DERIVED_FILE_DIR)/Pods-TIMIITests-checkManifestLockResult.txt",
			);
			runOnlyForDeploymentPostprocessing = 0;
			shellPath = /bin/sh;
			shellScript = "diff \"${PODS_PODFILE_DIR_PATH}/Podfile.lock\" \"${PODS_ROOT}/Manifest.lock\" > /dev/null\nif [ $? != 0 ] ; then\n    # print error to STDERR\n    echo \"error: The sandbox is not in sync with the Podfile.lock. Run 'pod install' or update your CocoaPods installation.\" >&2\n    exit 1\nfi\n# This output is used by Xcode 'outputs' to avoid re-running this script phase.\necho \"SUCCESS\" > \"${SCRIPT_OUTPUT_FILE_0}\"\n";
			showEnvVarsInLog = 0;
		};
		393835A365185D628C18466E /* [CP] Embed Pods Frameworks */ = {
			isa = PBXShellScriptBuildPhase;
			buildActionMask = 2147483647;
			files = (
			);
			inputPaths = (
				"${SRCROOT}/Pods/Target Support Files/Pods-TIMII/Pods-TIMII-frameworks.sh",
				"${BUILT_PRODUCTS_DIR}/BoringSSL/openssl.framework",
				"${BUILT_PRODUCTS_DIR}/GTMSessionFetcher/GTMSessionFetcher.framework",
				"${BUILT_PRODUCTS_DIR}/GoogleToolboxForMac/GoogleToolboxForMac.framework",
				"${BUILT_PRODUCTS_DIR}/GoogleUtilities-1e7c8385/GoogleUtilities.framework",
				"${BUILT_PRODUCTS_DIR}/Layout/Layout.framework",
				"${BUILT_PRODUCTS_DIR}/Protobuf/Protobuf.framework",
				"${BUILT_PRODUCTS_DIR}/gRPC/GRPCClient.framework",
				"${BUILT_PRODUCTS_DIR}/gRPC-Core/grpc.framework",
				"${BUILT_PRODUCTS_DIR}/gRPC-ProtoRPC/ProtoRPC.framework",
				"${BUILT_PRODUCTS_DIR}/gRPC-RxLibrary/RxLibrary.framework",
				"${BUILT_PRODUCTS_DIR}/leveldb-library/leveldb.framework",
				"${BUILT_PRODUCTS_DIR}/nanopb/nanopb.framework",
			);
			name = "[CP] Embed Pods Frameworks";
			outputPaths = (
				"${TARGET_BUILD_DIR}/${FRAMEWORKS_FOLDER_PATH}/openssl.framework",
				"${TARGET_BUILD_DIR}/${FRAMEWORKS_FOLDER_PATH}/GTMSessionFetcher.framework",
				"${TARGET_BUILD_DIR}/${FRAMEWORKS_FOLDER_PATH}/GoogleToolboxForMac.framework",
				"${TARGET_BUILD_DIR}/${FRAMEWORKS_FOLDER_PATH}/GoogleUtilities.framework",
				"${TARGET_BUILD_DIR}/${FRAMEWORKS_FOLDER_PATH}/Layout.framework",
				"${TARGET_BUILD_DIR}/${FRAMEWORKS_FOLDER_PATH}/Protobuf.framework",
				"${TARGET_BUILD_DIR}/${FRAMEWORKS_FOLDER_PATH}/GRPCClient.framework",
				"${TARGET_BUILD_DIR}/${FRAMEWORKS_FOLDER_PATH}/grpc.framework",
				"${TARGET_BUILD_DIR}/${FRAMEWORKS_FOLDER_PATH}/ProtoRPC.framework",
				"${TARGET_BUILD_DIR}/${FRAMEWORKS_FOLDER_PATH}/RxLibrary.framework",
				"${TARGET_BUILD_DIR}/${FRAMEWORKS_FOLDER_PATH}/leveldb.framework",
				"${TARGET_BUILD_DIR}/${FRAMEWORKS_FOLDER_PATH}/nanopb.framework",
			);
			runOnlyForDeploymentPostprocessing = 0;
			shellPath = /bin/sh;
			shellScript = "\"${SRCROOT}/Pods/Target Support Files/Pods-TIMII/Pods-TIMII-frameworks.sh\"\n";
			showEnvVarsInLog = 0;
		};
		812850EA3D04E67F9EFEFE04 /* [CP] Embed Pods Frameworks */ = {
			isa = PBXShellScriptBuildPhase;
			buildActionMask = 2147483647;
			files = (
			);
			inputPaths = (
				"${SRCROOT}/Pods/Target Support Files/Pods-TIMIITests/Pods-TIMIITests-frameworks.sh",
				"${BUILT_PRODUCTS_DIR}/GoogleUtilities-7afea142/GoogleUtilities.framework",
				"${BUILT_PRODUCTS_DIR}/nanopb/nanopb.framework",
			);
			name = "[CP] Embed Pods Frameworks";
			outputPaths = (
				"${TARGET_BUILD_DIR}/${FRAMEWORKS_FOLDER_PATH}/GoogleUtilities.framework",
				"${TARGET_BUILD_DIR}/${FRAMEWORKS_FOLDER_PATH}/nanopb.framework",
			);
			runOnlyForDeploymentPostprocessing = 0;
			shellPath = /bin/sh;
			shellScript = "\"${SRCROOT}/Pods/Target Support Files/Pods-TIMIITests/Pods-TIMIITests-frameworks.sh\"\n";
			showEnvVarsInLog = 0;
		};
		E1024FAE3C6D1DFDA49812BB /* [CP] Check Pods Manifest.lock */ = {
			isa = PBXShellScriptBuildPhase;
			buildActionMask = 2147483647;
			files = (
			);
			inputPaths = (
				"${PODS_PODFILE_DIR_PATH}/Podfile.lock",
				"${PODS_ROOT}/Manifest.lock",
			);
			name = "[CP] Check Pods Manifest.lock";
			outputPaths = (
				"$(DERIVED_FILE_DIR)/Pods-TIMII-checkManifestLockResult.txt",
			);
			runOnlyForDeploymentPostprocessing = 0;
			shellPath = /bin/sh;
			shellScript = "diff \"${PODS_PODFILE_DIR_PATH}/Podfile.lock\" \"${PODS_ROOT}/Manifest.lock\" > /dev/null\nif [ $? != 0 ] ; then\n    # print error to STDERR\n    echo \"error: The sandbox is not in sync with the Podfile.lock. Run 'pod install' or update your CocoaPods installation.\" >&2\n    exit 1\nfi\n# This output is used by Xcode 'outputs' to avoid re-running this script phase.\necho \"SUCCESS\" > \"${SCRIPT_OUTPUT_FILE_0}\"\n";
			showEnvVarsInLog = 0;
		};
/* End PBXShellScriptBuildPhase section */

/* Begin PBXSourcesBuildPhase section */
		0F2C3F11209FB01500A417F1 /* Sources */ = {
			isa = PBXSourcesBuildPhase;
			buildActionMask = 2147483647;
			files = (
				0F777B8820ABDFAA008F7944 /* DashboardSystemTests.swift in Sources */,
				0F0DAA3020A40A4100DD30DD /* ComponentSystemTests.swift in Sources */,
				0F2C3F29209FD08700A417F1 /* DatabaseSystemTests.swift in Sources */,
				0F2C3F25209FC9B400A417F1 /* ViewableTests.swift in Sources */,
				0FDB818220B0D4F000E39E04 /* UIStyleSystemTests.swift in Sources */,
			);
			runOnlyForDeploymentPostprocessing = 0;
		};
		0FC08A3E20840CFE0083E0B3 /* Sources */ = {
			isa = PBXSourcesBuildPhase;
			buildActionMask = 2147483647;
			files = (
				0F9D931B20BAFFBD0027DE1D /* BoxesViewController.swift in Sources */,
				0F2A12462095309000D0E489 /* Countable.swift in Sources */,
				0F2C3F03209EA08E00A417F1 /* Component.swift in Sources */,
				0FDB818020B0CE2300E39E04 /* UIStyleSystem.swift in Sources */,
				0FFE08FE20F1883D000D1797 /* TimerViewController.swift in Sources */,
				959C9284212A3A9100FACA01 /* LogInOutSystem.swift in Sources */,
				95F54AC3210D07F5007D7764 /* CreateAccountScreen.swift in Sources */,
				0F9D931720BA265F0027DE1D /* TimerScreen.swift in Sources */,
				0FBE767120A7D10D003225F0 /* DashboardSystem.swift in Sources */,
				0F2C3F10209F9A8300A417F1 /* DatabaseSystem.swift in Sources */,
				0F4AD8FB20A726AB00E1CD0E /* ViewableSystem.swift in Sources */,
				95FCE6AF21180070000C9029 /* SettingScreen.swift in Sources */,
				0F0DAA3220A5400900DD30DD /* EntitySystem.swift in Sources */,
				958CC74E21077FF800AF1D25 /* Colors.swift in Sources */,
				0FDB817E20B0CDDF00E39E04 /* UIStyle.swift in Sources */,
				0FBE767320A88D25003225F0 /* SetupSystem.swift in Sources */,
				0F2C3F0E209F963900A417F1 /* CountableSystem.swift in Sources */,
				950ECEDE210BF42A00DE2D49 /* LoginScreen.swift in Sources */,
				0FB38A7E20F11AE700277615 /* TimeCounterSystem.swift in Sources */,
				0FC08A4820840CFF0083E0B3 /* Main.swift in Sources */,
				0F2A12442095108600D0E489 /* Dashboard.swift in Sources */,
				9520A1B221141089004E7FDE /* Member.swift in Sources */,
				0FFE090020F18872000D1797 /* Timii.swift in Sources */,
				0F48FB4F20F1410E006C3E16 /* StartButton.swift in Sources */,
				958CC74C21077F5600AF1D25 /* TimerBox.swift in Sources */,
				0F9D930A20BA10060027DE1D /* TopViewController.swift in Sources */,
				0F2C3F08209F4F6400A417F1 /* ComponentSystem.swift in Sources */,
				0F3D4F5E2097392C00B88EDE /* Viewable.swift in Sources */,
				0F75C85320F2A0F90015E7EB /* TimerSecondCounter.swift in Sources */,
				0F9EAE9B20C35C3E00E2C5F3 /* HomeScreen.swift in Sources */,
				0FC08A4620840CFF0083E0B3 /* AppDelegate.swift in Sources */,
				0FDB818820B104F100E39E04 /* OldDashboardViewController.swift in Sources */,
			);
			runOnlyForDeploymentPostprocessing = 0;
		};
/* End PBXSourcesBuildPhase section */

/* Begin PBXTargetDependency section */
		0F2C3F1B209FB01500A417F1 /* PBXTargetDependency */ = {
			isa = PBXTargetDependency;
			target = 0FC08A4120840CFE0083E0B3 /* TIMII */;
			targetProxy = 0F2C3F1A209FB01500A417F1 /* PBXContainerItemProxy */;
		};
/* End PBXTargetDependency section */

/* Begin PBXVariantGroup section */
		0FC08A4920840CFF0083E0B3 /* Main.storyboard */ = {
			isa = PBXVariantGroup;
			children = (
				0FC08A4A20840CFF0083E0B3 /* Base */,
			);
			name = Main.storyboard;
			sourceTree = "<group>";
		};
		0FC08A4E20840D020083E0B3 /* LaunchScreen.storyboard */ = {
			isa = PBXVariantGroup;
			children = (
				0FC08A4F20840D020083E0B3 /* Base */,
			);
			name = LaunchScreen.storyboard;
			sourceTree = "<group>";
		};
/* End PBXVariantGroup section */

/* Begin XCBuildConfiguration section */
		0F2C3F1D209FB01500A417F1 /* Debug */ = {
			isa = XCBuildConfiguration;
			baseConfigurationReference = 3AF127DD080902506260D304 /* Pods-TIMIITests.debug.xcconfig */;
			buildSettings = {
				BUNDLE_LOADER = "$(TEST_HOST)";
				CLANG_ENABLE_MODULES = YES;
				CODE_SIGN_STYLE = Automatic;
				DEVELOPMENT_TEAM = P7ZV69TNUT;
				HEADER_SEARCH_PATHS = (
					"$(inherited)",
					"${PODS_ROOT}/Firebase/Core/Sources",
				);
				INFOPLIST_FILE = TIMIITests/Info.plist;
				LD_RUNPATH_SEARCH_PATHS = (
					"$(inherited)",
					"@executable_path/Frameworks",
					"@loader_path/Frameworks",
				);
				PRODUCT_BUNDLE_IDENTIFIER = com.autonomii.TIMIITests;
				PRODUCT_NAME = "$(TARGET_NAME)";
				SWIFT_OPTIMIZATION_LEVEL = "-Onone";
				SWIFT_VERSION = 4.0;
				TARGETED_DEVICE_FAMILY = "1,2";
				TEST_HOST = "$(BUILT_PRODUCTS_DIR)/TIMII.app/TIMII";
			};
			name = Debug;
		};
		0F2C3F1E209FB01500A417F1 /* Release */ = {
			isa = XCBuildConfiguration;
			baseConfigurationReference = 895FAF54A017BE3E109C7142 /* Pods-TIMIITests.release.xcconfig */;
			buildSettings = {
				BUNDLE_LOADER = "$(TEST_HOST)";
				CLANG_ENABLE_MODULES = YES;
				CODE_SIGN_STYLE = Automatic;
				DEVELOPMENT_TEAM = P7ZV69TNUT;
				HEADER_SEARCH_PATHS = (
					"$(inherited)",
					"${PODS_ROOT}/Firebase/Core/Sources",
				);
				INFOPLIST_FILE = TIMIITests/Info.plist;
				LD_RUNPATH_SEARCH_PATHS = (
					"$(inherited)",
					"@executable_path/Frameworks",
					"@loader_path/Frameworks",
				);
				PRODUCT_BUNDLE_IDENTIFIER = com.autonomii.TIMIITests;
				PRODUCT_NAME = "$(TARGET_NAME)";
				SWIFT_VERSION = 4.0;
				TARGETED_DEVICE_FAMILY = "1,2";
				TEST_HOST = "$(BUILT_PRODUCTS_DIR)/TIMII.app/TIMII";
			};
			name = Release;
		};
		0FC08A5220840D020083E0B3 /* Debug */ = {
			isa = XCBuildConfiguration;
			buildSettings = {
				ALWAYS_SEARCH_USER_PATHS = NO;
				CLANG_ANALYZER_NONNULL = YES;
				CLANG_ANALYZER_NUMBER_OBJECT_CONVERSION = YES_AGGRESSIVE;
				CLANG_CXX_LANGUAGE_STANDARD = "gnu++14";
				CLANG_CXX_LIBRARY = "libc++";
				CLANG_ENABLE_MODULES = YES;
				CLANG_ENABLE_OBJC_ARC = YES;
				CLANG_ENABLE_OBJC_WEAK = YES;
				CLANG_WARN_BLOCK_CAPTURE_AUTORELEASING = YES;
				CLANG_WARN_BOOL_CONVERSION = YES;
				CLANG_WARN_COMMA = YES;
				CLANG_WARN_CONSTANT_CONVERSION = YES;
				CLANG_WARN_DEPRECATED_OBJC_IMPLEMENTATIONS = YES;
				CLANG_WARN_DIRECT_OBJC_ISA_USAGE = YES_ERROR;
				CLANG_WARN_DOCUMENTATION_COMMENTS = YES;
				CLANG_WARN_EMPTY_BODY = YES;
				CLANG_WARN_ENUM_CONVERSION = YES;
				CLANG_WARN_INFINITE_RECURSION = YES;
				CLANG_WARN_INT_CONVERSION = YES;
				CLANG_WARN_NON_LITERAL_NULL_CONVERSION = YES;
				CLANG_WARN_OBJC_IMPLICIT_RETAIN_SELF = YES;
				CLANG_WARN_OBJC_LITERAL_CONVERSION = YES;
				CLANG_WARN_OBJC_ROOT_CLASS = YES_ERROR;
				CLANG_WARN_RANGE_LOOP_ANALYSIS = YES;
				CLANG_WARN_STRICT_PROTOTYPES = YES;
				CLANG_WARN_SUSPICIOUS_MOVE = YES;
				CLANG_WARN_UNGUARDED_AVAILABILITY = YES_AGGRESSIVE;
				CLANG_WARN_UNREACHABLE_CODE = YES;
				CLANG_WARN__DUPLICATE_METHOD_MATCH = YES;
				CODE_SIGN_IDENTITY = "iPhone Developer";
				COPY_PHASE_STRIP = NO;
				DEBUG_INFORMATION_FORMAT = dwarf;
				ENABLE_STRICT_OBJC_MSGSEND = YES;
				ENABLE_TESTABILITY = YES;
				GCC_C_LANGUAGE_STANDARD = gnu11;
				GCC_DYNAMIC_NO_PIC = NO;
				GCC_NO_COMMON_BLOCKS = YES;
				GCC_OPTIMIZATION_LEVEL = 0;
				GCC_PREPROCESSOR_DEFINITIONS = (
					"DEBUG=1",
					"$(inherited)",
				);
				GCC_WARN_64_TO_32_BIT_CONVERSION = YES;
				GCC_WARN_ABOUT_RETURN_TYPE = YES_ERROR;
				GCC_WARN_UNDECLARED_SELECTOR = YES;
				GCC_WARN_UNINITIALIZED_AUTOS = YES_AGGRESSIVE;
				GCC_WARN_UNUSED_FUNCTION = YES;
				GCC_WARN_UNUSED_VARIABLE = YES;
				IPHONEOS_DEPLOYMENT_TARGET = 11.3;
				MTL_ENABLE_DEBUG_INFO = YES;
				ONLY_ACTIVE_ARCH = YES;
				SDKROOT = iphoneos;
				SWIFT_ACTIVE_COMPILATION_CONDITIONS = DEBUG;
				SWIFT_OPTIMIZATION_LEVEL = "-Onone";
			};
			name = Debug;
		};
		0FC08A5320840D020083E0B3 /* Release */ = {
			isa = XCBuildConfiguration;
			buildSettings = {
				ALWAYS_SEARCH_USER_PATHS = NO;
				CLANG_ANALYZER_NONNULL = YES;
				CLANG_ANALYZER_NUMBER_OBJECT_CONVERSION = YES_AGGRESSIVE;
				CLANG_CXX_LANGUAGE_STANDARD = "gnu++14";
				CLANG_CXX_LIBRARY = "libc++";
				CLANG_ENABLE_MODULES = YES;
				CLANG_ENABLE_OBJC_ARC = YES;
				CLANG_ENABLE_OBJC_WEAK = YES;
				CLANG_WARN_BLOCK_CAPTURE_AUTORELEASING = YES;
				CLANG_WARN_BOOL_CONVERSION = YES;
				CLANG_WARN_COMMA = YES;
				CLANG_WARN_CONSTANT_CONVERSION = YES;
				CLANG_WARN_DEPRECATED_OBJC_IMPLEMENTATIONS = YES;
				CLANG_WARN_DIRECT_OBJC_ISA_USAGE = YES_ERROR;
				CLANG_WARN_DOCUMENTATION_COMMENTS = YES;
				CLANG_WARN_EMPTY_BODY = YES;
				CLANG_WARN_ENUM_CONVERSION = YES;
				CLANG_WARN_INFINITE_RECURSION = YES;
				CLANG_WARN_INT_CONVERSION = YES;
				CLANG_WARN_NON_LITERAL_NULL_CONVERSION = YES;
				CLANG_WARN_OBJC_IMPLICIT_RETAIN_SELF = YES;
				CLANG_WARN_OBJC_LITERAL_CONVERSION = YES;
				CLANG_WARN_OBJC_ROOT_CLASS = YES_ERROR;
				CLANG_WARN_RANGE_LOOP_ANALYSIS = YES;
				CLANG_WARN_STRICT_PROTOTYPES = YES;
				CLANG_WARN_SUSPICIOUS_MOVE = YES;
				CLANG_WARN_UNGUARDED_AVAILABILITY = YES_AGGRESSIVE;
				CLANG_WARN_UNREACHABLE_CODE = YES;
				CLANG_WARN__DUPLICATE_METHOD_MATCH = YES;
				CODE_SIGN_IDENTITY = "iPhone Developer";
				COPY_PHASE_STRIP = NO;
				DEBUG_INFORMATION_FORMAT = "dwarf-with-dsym";
				ENABLE_NS_ASSERTIONS = NO;
				ENABLE_STRICT_OBJC_MSGSEND = YES;
				GCC_C_LANGUAGE_STANDARD = gnu11;
				GCC_NO_COMMON_BLOCKS = YES;
				GCC_WARN_64_TO_32_BIT_CONVERSION = YES;
				GCC_WARN_ABOUT_RETURN_TYPE = YES_ERROR;
				GCC_WARN_UNDECLARED_SELECTOR = YES;
				GCC_WARN_UNINITIALIZED_AUTOS = YES_AGGRESSIVE;
				GCC_WARN_UNUSED_FUNCTION = YES;
				GCC_WARN_UNUSED_VARIABLE = YES;
				IPHONEOS_DEPLOYMENT_TARGET = 11.3;
				MTL_ENABLE_DEBUG_INFO = NO;
				SDKROOT = iphoneos;
				SWIFT_COMPILATION_MODE = wholemodule;
				SWIFT_OPTIMIZATION_LEVEL = "-O";
				VALIDATE_PRODUCT = YES;
			};
			name = Release;
		};
		0FC08A5520840D020083E0B3 /* Debug */ = {
			isa = XCBuildConfiguration;
			baseConfigurationReference = FD72B46EC2DC3BE7B62DB7AF /* Pods-TIMII.debug.xcconfig */;
			buildSettings = {
				ASSETCATALOG_COMPILER_APPICON_NAME = AppIcon;
				CODE_SIGN_ENTITLEMENTS = TIMII/TIMII.entitlements;
				CODE_SIGN_STYLE = Automatic;
				DEVELOPMENT_TEAM = P7ZV69TNUT;
				INFOPLIST_FILE = TIMII/Info.plist;
				LD_RUNPATH_SEARCH_PATHS = (
					"$(inherited)",
					"@executable_path/Frameworks",
				);
				PRODUCT_BUNDLE_IDENTIFIER = com.autonomii.TIMII;
				PRODUCT_NAME = "$(TARGET_NAME)";
				SWIFT_VERSION = 4.0;
				TARGETED_DEVICE_FAMILY = "1,2";
			};
			name = Debug;
		};
		0FC08A5620840D020083E0B3 /* Release */ = {
			isa = XCBuildConfiguration;
			baseConfigurationReference = C050721365E00ED5D13829A6 /* Pods-TIMII.release.xcconfig */;
			buildSettings = {
				ASSETCATALOG_COMPILER_APPICON_NAME = AppIcon;
				CODE_SIGN_ENTITLEMENTS = TIMII/TIMII.entitlements;
				CODE_SIGN_STYLE = Automatic;
				DEVELOPMENT_TEAM = P7ZV69TNUT;
				INFOPLIST_FILE = TIMII/Info.plist;
				LD_RUNPATH_SEARCH_PATHS = (
					"$(inherited)",
					"@executable_path/Frameworks",
				);
				PRODUCT_BUNDLE_IDENTIFIER = com.autonomii.TIMII;
				PRODUCT_NAME = "$(TARGET_NAME)";
				SWIFT_VERSION = 4.0;
				TARGETED_DEVICE_FAMILY = "1,2";
			};
			name = Release;
		};
/* End XCBuildConfiguration section */

/* Begin XCConfigurationList section */
		0F2C3F1C209FB01500A417F1 /* Build configuration list for PBXNativeTarget "TIMIITests" */ = {
			isa = XCConfigurationList;
			buildConfigurations = (
				0F2C3F1D209FB01500A417F1 /* Debug */,
				0F2C3F1E209FB01500A417F1 /* Release */,
			);
			defaultConfigurationIsVisible = 0;
			defaultConfigurationName = Release;
		};
		0FC08A3D20840CFE0083E0B3 /* Build configuration list for PBXProject "TIMII" */ = {
			isa = XCConfigurationList;
			buildConfigurations = (
				0FC08A5220840D020083E0B3 /* Debug */,
				0FC08A5320840D020083E0B3 /* Release */,
			);
			defaultConfigurationIsVisible = 0;
			defaultConfigurationName = Release;
		};
		0FC08A5420840D020083E0B3 /* Build configuration list for PBXNativeTarget "TIMII" */ = {
			isa = XCConfigurationList;
			buildConfigurations = (
				0FC08A5520840D020083E0B3 /* Debug */,
				0FC08A5620840D020083E0B3 /* Release */,
			);
			defaultConfigurationIsVisible = 0;
			defaultConfigurationName = Release;
		};
/* End XCConfigurationList section */
	};
	rootObject = 0FC08A3A20840CFE0083E0B3 /* Project object */;
}
